// !$*UTF8*$!
{
	archiveVersion = 1;
	classes = {
	};
	objectVersion = 48;
	objects = {

/* Begin PBXBuildFile section */
		A9F24F8E1FCF6CE90094C922 /* AppDelegate.swift in Sources */ = {isa = PBXBuildFile; fileRef = A9F24F8D1FCF6CE90094C922 /* AppDelegate.swift */; };
		A9F24F901FCF6CE90094C922 /* ViewController.swift in Sources */ = {isa = PBXBuildFile; fileRef = A9F24F8F1FCF6CE90094C922 /* ViewController.swift */; };
		A9F24F931FCF6CE90094C922 /* Main.storyboard in Resources */ = {isa = PBXBuildFile; fileRef = A9F24F911FCF6CE90094C922 /* Main.storyboard */; };
		A9F24F951FCF6CE90094C922 /* Assets.xcassets in Resources */ = {isa = PBXBuildFile; fileRef = A9F24F941FCF6CE90094C922 /* Assets.xcassets */; };
		A9F24F981FCF6CE90094C922 /* LaunchScreen.storyboard in Resources */ = {isa = PBXBuildFile; fileRef = A9F24F961FCF6CE90094C922 /* LaunchScreen.storyboard */; };
		A9F24FA31FCF6CE90094C922 /* ConcentrationTests.swift in Sources */ = {isa = PBXBuildFile; fileRef = A9F24FA21FCF6CE90094C922 /* ConcentrationTests.swift */; };
		A9F24FAE1FCF6CE90094C922 /* ConcentrationUITests.swift in Sources */ = {isa = PBXBuildFile; fileRef = A9F24FAD1FCF6CE90094C922 /* ConcentrationUITests.swift */; };
/* End PBXBuildFile section */

/* Begin PBXContainerItemProxy section */
		A9F24F9F1FCF6CE90094C922 /* PBXContainerItemProxy */ = {
			isa = PBXContainerItemProxy;
			containerPortal = A9F24F821FCF6CE90094C922 /* Project object */;
			proxyType = 1;
			remoteGlobalIDString = A9F24F891FCF6CE90094C922;
			remoteInfo = Concentration;
		};
		A9F24FAA1FCF6CE90094C922 /* PBXContainerItemProxy */ = {
			isa = PBXContainerItemProxy;
			containerPortal = A9F24F821FCF6CE90094C922 /* Project object */;
			proxyType = 1;
			remoteGlobalIDString = A9F24F891FCF6CE90094C922;
			remoteInfo = Concentration;
		};
/* End PBXContainerItemProxy section */

/* Begin PBXFileReference section */
		A9F24F8A1FCF6CE90094C922 /* Concentration.app */ = {isa = PBXFileReference; explicitFileType = wrapper.application; includeInIndex = 0; path = Concentration.app; sourceTree = BUILT_PRODUCTS_DIR; };
		A9F24F8D1FCF6CE90094C922 /* AppDelegate.swift */ = {isa = PBXFileReference; lastKnownFileType = sourcecode.swift; path = AppDelegate.swift; sourceTree = "<group>"; };
		A9F24F8F1FCF6CE90094C922 /* ViewController.swift */ = {isa = PBXFileReference; lastKnownFileType = sourcecode.swift; path = ViewController.swift; sourceTree = "<group>"; };
		A9F24F921FCF6CE90094C922 /* Base */ = {isa = PBXFileReference; lastKnownFileType = file.storyboard; name = Base; path = Base.lproj/Main.storyboard; sourceTree = "<group>"; };
		A9F24F941FCF6CE90094C922 /* Assets.xcassets */ = {isa = PBXFileReference; lastKnownFileType = folder.assetcatalog; path = Assets.xcassets; sourceTree = "<group>"; };
		A9F24F971FCF6CE90094C922 /* Base */ = {isa = PBXFileReference; lastKnownFileType = file.storyboard; name = Base; path = Base.lproj/LaunchScreen.storyboard; sourceTree = "<group>"; };
		A9F24F991FCF6CE90094C922 /* Info.plist */ = {isa = PBXFileReference; lastKnownFileType = text.plist.xml; path = Info.plist; sourceTree = "<group>"; };
		A9F24F9E1FCF6CE90094C922 /* ConcentrationTests.xctest */ = {isa = PBXFileReference; explicitFileType = wrapper.cfbundle; includeInIndex = 0; path = ConcentrationTests.xctest; sourceTree = BUILT_PRODUCTS_DIR; };
		A9F24FA21FCF6CE90094C922 /* ConcentrationTests.swift */ = {isa = PBXFileReference; lastKnownFileType = sourcecode.swift; path = ConcentrationTests.swift; sourceTree = "<group>"; };
		A9F24FA41FCF6CE90094C922 /* Info.plist */ = {isa = PBXFileReference; lastKnownFileType = text.plist.xml; path = Info.plist; sourceTree = "<group>"; };
		A9F24FA91FCF6CE90094C922 /* ConcentrationUITests.xctest */ = {isa = PBXFileReference; explicitFileType = wrapper.cfbundle; includeInIndex = 0; path = ConcentrationUITests.xctest; sourceTree = BUILT_PRODUCTS_DIR; };
		A9F24FAD1FCF6CE90094C922 /* ConcentrationUITests.swift */ = {isa = PBXFileReference; lastKnownFileType = sourcecode.swift; path = ConcentrationUITests.swift; sourceTree = "<group>"; };
		A9F24FAF1FCF6CE90094C922 /* Info.plist */ = {isa = PBXFileReference; lastKnownFileType = text.plist.xml; path = Info.plist; sourceTree = "<group>"; };
/* End PBXFileReference section */

/* Begin PBXFrameworksBuildPhase section */
		A9F24F871FCF6CE90094C922 /* Frameworks */ = {
			isa = PBXFrameworksBuildPhase;
			buildActionMask = 2147483647;
			files = (
			);
			runOnlyForDeploymentPostprocessing = 0;
		};
		A9F24F9B1FCF6CE90094C922 /* Frameworks */ = {
			isa = PBXFrameworksBuildPhase;
			buildActionMask = 2147483647;
			files = (
			);
			runOnlyForDeploymentPostprocessing = 0;
		};
		A9F24FA61FCF6CE90094C922 /* Frameworks */ = {
			isa = PBXFrameworksBuildPhase;
			buildActionMask = 2147483647;
			files = (
			);
			runOnlyForDeploymentPostprocessing = 0;
		};
/* End PBXFrameworksBuildPhase section */

/* Begin PBXGroup section */
		A9F24F811FCF6CE90094C922 = {
			isa = PBXGroup;
			children = (
				A9F24F8C1FCF6CE90094C922 /* Concentration */,
				A9F24FA11FCF6CE90094C922 /* ConcentrationTests */,
				A9F24FAC1FCF6CE90094C922 /* ConcentrationUITests */,
				A9F24F8B1FCF6CE90094C922 /* Products */,
			);
			sourceTree = "<group>";
		};
		A9F24F8B1FCF6CE90094C922 /* Products */ = {
			isa = PBXGroup;
			children = (
				A9F24F8A1FCF6CE90094C922 /* Concentration.app */,
				A9F24F9E1FCF6CE90094C922 /* ConcentrationTests.xctest */,
				A9F24FA91FCF6CE90094C922 /* ConcentrationUITests.xctest */,
			);
			name = Products;
			sourceTree = "<group>";
		};
		A9F24F8C1FCF6CE90094C922 /* Concentration */ = {
			isa = PBXGroup;
			children = (
				A9F24F8D1FCF6CE90094C922 /* AppDelegate.swift */,
				A9F24F8F1FCF6CE90094C922 /* ViewController.swift */,
				A9F24F911FCF6CE90094C922 /* Main.storyboard */,
				A9F24F941FCF6CE90094C922 /* Assets.xcassets */,
				A9F24F961FCF6CE90094C922 /* LaunchScreen.storyboard */,
				A9F24F991FCF6CE90094C922 /* Info.plist */,
			);
			path = Concentration;
			sourceTree = "<group>";
		};
		A9F24FA11FCF6CE90094C922 /* ConcentrationTests */ = {
			isa = PBXGroup;
			children = (
				A9F24FA21FCF6CE90094C922 /* ConcentrationTests.swift */,
				A9F24FA41FCF6CE90094C922 /* Info.plist */,
			);
			path = ConcentrationTests;
			sourceTree = "<group>";
		};
		A9F24FAC1FCF6CE90094C922 /* ConcentrationUITests */ = {
			isa = PBXGroup;
			children = (
				A9F24FAD1FCF6CE90094C922 /* ConcentrationUITests.swift */,
				A9F24FAF1FCF6CE90094C922 /* Info.plist */,
			);
			path = ConcentrationUITests;
			sourceTree = "<group>";
		};
/* End PBXGroup section */

/* Begin PBXNativeTarget section */
		A9F24F891FCF6CE90094C922 /* Concentration */ = {
			isa = PBXNativeTarget;
			buildConfigurationList = A9F24FB21FCF6CE90094C922 /* Build configuration list for PBXNativeTarget "Concentration" */;
			buildPhases = (
				A9F24F861FCF6CE90094C922 /* Sources */,
				A9F24F871FCF6CE90094C922 /* Frameworks */,
				A9F24F881FCF6CE90094C922 /* Resources */,
			);
			buildRules = (
			);
			dependencies = (
			);
			name = Concentration;
			productName = Concentration;
			productReference = A9F24F8A1FCF6CE90094C922 /* Concentration.app */;
			productType = "com.apple.product-type.application";
		};
		A9F24F9D1FCF6CE90094C922 /* ConcentrationTests */ = {
			isa = PBXNativeTarget;
			buildConfigurationList = A9F24FB51FCF6CE90094C922 /* Build configuration list for PBXNativeTarget "ConcentrationTests" */;
			buildPhases = (
				A9F24F9A1FCF6CE90094C922 /* Sources */,
				A9F24F9B1FCF6CE90094C922 /* Frameworks */,
				A9F24F9C1FCF6CE90094C922 /* Resources */,
			);
			buildRules = (
			);
			dependencies = (
				A9F24FA01FCF6CE90094C922 /* PBXTargetDependency */,
			);
			name = ConcentrationTests;
			productName = ConcentrationTests;
			productReference = A9F24F9E1FCF6CE90094C922 /* ConcentrationTests.xctest */;
			productType = "com.apple.product-type.bundle.unit-test";
		};
		A9F24FA81FCF6CE90094C922 /* ConcentrationUITests */ = {
			isa = PBXNativeTarget;
			buildConfigurationList = A9F24FB81FCF6CE90094C922 /* Build configuration list for PBXNativeTarget "ConcentrationUITests" */;
			buildPhases = (
				A9F24FA51FCF6CE90094C922 /* Sources */,
				A9F24FA61FCF6CE90094C922 /* Frameworks */,
				A9F24FA71FCF6CE90094C922 /* Resources */,
			);
			buildRules = (
			);
			dependencies = (
				A9F24FAB1FCF6CE90094C922 /* PBXTargetDependency */,
			);
			name = ConcentrationUITests;
			productName = ConcentrationUITests;
			productReference = A9F24FA91FCF6CE90094C922 /* ConcentrationUITests.xctest */;
			productType = "com.apple.product-type.bundle.ui-testing";
		};
/* End PBXNativeTarget section */

/* Begin PBXProject section */
		A9F24F821FCF6CE90094C922 /* Project object */ = {
			isa = PBXProject;
			attributes = {
				LastSwiftUpdateCheck = 0910;
				LastUpgradeCheck = 0910;
				ORGANIZATIONNAME = "何品泰高";
				TargetAttributes = {
					A9F24F891FCF6CE90094C922 = {
						CreatedOnToolsVersion = 9.1;
						ProvisioningStyle = Automatic;
					};
					A9F24F9D1FCF6CE90094C922 = {
						CreatedOnToolsVersion = 9.1;
						ProvisioningStyle = Automatic;
						TestTargetID = A9F24F891FCF6CE90094C922;
					};
					A9F24FA81FCF6CE90094C922 = {
						CreatedOnToolsVersion = 9.1;
						ProvisioningStyle = Automatic;
						TestTargetID = A9F24F891FCF6CE90094C922;
					};
				};
			};
			buildConfigurationList = A9F24F851FCF6CE90094C922 /* Build configuration list for PBXProject "Concentration" */;
			compatibilityVersion = "Xcode 8.0";
			developmentRegion = en;
			hasScannedForEncodings = 0;
			knownRegions = (
				en,
				Base,
			);
			mainGroup = A9F24F811FCF6CE90094C922;
			productRefGroup = A9F24F8B1FCF6CE90094C922 /* Products */;
			projectDirPath = "";
			projectRoot = "";
			targets = (
				A9F24F891FCF6CE90094C922 /* Concentration */,
				A9F24F9D1FCF6CE90094C922 /* ConcentrationTests */,
				A9F24FA81FCF6CE90094C922 /* ConcentrationUITests */,
			);
		};
/* End PBXProject section */

/* Begin PBXResourcesBuildPhase section */
		A9F24F881FCF6CE90094C922 /* Resources */ = {
			isa = PBXResourcesBuildPhase;
			buildActionMask = 2147483647;
			files = (
				A9F24F981FCF6CE90094C922 /* LaunchScreen.storyboard in Resources */,
				A9F24F951FCF6CE90094C922 /* Assets.xcassets in Resources */,
				A9F24F931FCF6CE90094C922 /* Main.storyboard in Resources */,
			);
			runOnlyForDeploymentPostprocessing = 0;
		};
		A9F24F9C1FCF6CE90094C922 /* Resources */ = {
			isa = PBXResourcesBuildPhase;
			buildActionMask = 2147483647;
			files = (
			);
			runOnlyForDeploymentPostprocessing = 0;
		};
		A9F24FA71FCF6CE90094C922 /* Resources */ = {
			isa = PBXResourcesBuildPhase;
			buildActionMask = 2147483647;
			files = (
			);
			runOnlyForDeploymentPostprocessing = 0;
		};
/* End PBXResourcesBuildPhase section */

/* Begin PBXSourcesBuildPhase section */
		A9F24F861FCF6CE90094C922 /* Sources */ = {
			isa = PBXSourcesBuildPhase;
			buildActionMask = 2147483647;
			files = (
				A9F24F901FCF6CE90094C922 /* ViewController.swift in Sources */,
				A9F24F8E1FCF6CE90094C922 /* AppDelegate.swift in Sources */,
			);
			runOnlyForDeploymentPostprocessing = 0;
		};
		A9F24F9A1FCF6CE90094C922 /* Sources */ = {
			isa = PBXSourcesBuildPhase;
			buildActionMask = 2147483647;
			files = (
				A9F24FA31FCF6CE90094C922 /* ConcentrationTests.swift in Sources */,
			);
			runOnlyForDeploymentPostprocessing = 0;
		};
		A9F24FA51FCF6CE90094C922 /* Sources */ = {
			isa = PBXSourcesBuildPhase;
			buildActionMask = 2147483647;
			files = (
				A9F24FAE1FCF6CE90094C922 /* ConcentrationUITests.swift in Sources */,
			);
			runOnlyForDeploymentPostprocessing = 0;
		};
/* End PBXSourcesBuildPhase section */

/* Begin PBXTargetDependency section */
		A9F24FA01FCF6CE90094C922 /* PBXTargetDependency */ = {
			isa = PBXTargetDependency;
			target = A9F24F891FCF6CE90094C922 /* Concentration */;
			targetProxy = A9F24F9F1FCF6CE90094C922 /* PBXContainerItemProxy */;
		};
		A9F24FAB1FCF6CE90094C922 /* PBXTargetDependency */ = {
			isa = PBXTargetDependency;
			target = A9F24F891FCF6CE90094C922 /* Concentration */;
			targetProxy = A9F24FAA1FCF6CE90094C922 /* PBXContainerItemProxy */;
		};
/* End PBXTargetDependency section */

/* Begin PBXVariantGroup section */
		A9F24F911FCF6CE90094C922 /* Main.storyboard */ = {
			isa = PBXVariantGroup;
			children = (
				A9F24F921FCF6CE90094C922 /* Base */,
			);
			name = Main.storyboard;
			sourceTree = "<group>";
		};
		A9F24F961FCF6CE90094C922 /* LaunchScreen.storyboard */ = {
			isa = PBXVariantGroup;
			children = (
				A9F24F971FCF6CE90094C922 /* Base */,
			);
			name = LaunchScreen.storyboard;
			sourceTree = "<group>";
		};
/* End PBXVariantGroup section */

/* Begin XCBuildConfiguration section */
		A9F24FB01FCF6CE90094C922 /* Debug */ = {
			isa = XCBuildConfiguration;
			buildSettings = {
				ALWAYS_SEARCH_USER_PATHS = NO;
				CLANG_ANALYZER_NONNULL = YES;
				CLANG_ANALYZER_NUMBER_OBJECT_CONVERSION = YES_AGGRESSIVE;
				CLANG_CXX_LANGUAGE_STANDARD = "gnu++14";
				CLANG_CXX_LIBRARY = "libc++";
				CLANG_ENABLE_MODULES = YES;
				CLANG_ENABLE_OBJC_ARC = YES;
				CLANG_WARN_BLOCK_CAPTURE_AUTORELEASING = YES;
				CLANG_WARN_BOOL_CONVERSION = YES;
				CLANG_WARN_COMMA = YES;
				CLANG_WARN_CONSTANT_CONVERSION = YES;
				CLANG_WARN_DIRECT_OBJC_ISA_USAGE = YES_ERROR;
				CLANG_WARN_DOCUMENTATION_COMMENTS = YES;
				CLANG_WARN_EMPTY_BODY = YES;
				CLANG_WARN_ENUM_CONVERSION = YES;
				CLANG_WARN_INFINITE_RECURSION = YES;
				CLANG_WARN_INT_CONVERSION = YES;
				CLANG_WARN_NON_LITERAL_NULL_CONVERSION = YES;
				CLANG_WARN_OBJC_LITERAL_CONVERSION = YES;
				CLANG_WARN_OBJC_ROOT_CLASS = YES_ERROR;
				CLANG_WARN_RANGE_LOOP_ANALYSIS = YES;
				CLANG_WARN_STRICT_PROTOTYPES = YES;
				CLANG_WARN_SUSPICIOUS_MOVE = YES;
				CLANG_WARN_UNGUARDED_AVAILABILITY = YES_AGGRESSIVE;
				CLANG_WARN_UNREACHABLE_CODE = YES;
				CLANG_WARN__DUPLICATE_METHOD_MATCH = YES;
				CODE_SIGN_IDENTITY = "iPhone Developer";
				COPY_PHASE_STRIP = NO;
				DEBUG_INFORMATION_FORMAT = dwarf;
				ENABLE_STRICT_OBJC_MSGSEND = YES;
				ENABLE_TESTABILITY = YES;
				GCC_C_LANGUAGE_STANDARD = gnu11;
				GCC_DYNAMIC_NO_PIC = NO;
				GCC_NO_COMMON_BLOCKS = YES;
				GCC_OPTIMIZATION_LEVEL = 0;
				GCC_PREPROCESSOR_DEFINITIONS = (
					"DEBUG=1",
					"$(inherited)",
				);
				GCC_WARN_64_TO_32_BIT_CONVERSION = YES;
				GCC_WARN_ABOUT_RETURN_TYPE = YES_ERROR;
				GCC_WARN_UNDECLARED_SELECTOR = YES;
				GCC_WARN_UNINITIALIZED_AUTOS = YES_AGGRESSIVE;
				GCC_WARN_UNUSED_FUNCTION = YES;
				GCC_WARN_UNUSED_VARIABLE = YES;
				IPHONEOS_DEPLOYMENT_TARGET = 11.1;
				MTL_ENABLE_DEBUG_INFO = YES;
				ONLY_ACTIVE_ARCH = YES;
				SDKROOT = iphoneos;
				SWIFT_ACTIVE_COMPILATION_CONDITIONS = DEBUG;
				SWIFT_OPTIMIZATION_LEVEL = "-Onone";
			};
			name = Debug;
		};
		A9F24FB11FCF6CE90094C922 /* Release */ = {
			isa = XCBuildConfiguration;
			buildSettings = {
				ALWAYS_SEARCH_USER_PATHS = NO;
				CLANG_ANALYZER_NONNULL = YES;
				CLANG_ANALYZER_NUMBER_OBJECT_CONVERSION = YES_AGGRESSIVE;
				CLANG_CXX_LANGUAGE_STANDARD = "gnu++14";
				CLANG_CXX_LIBRARY = "libc++";
				CLANG_ENABLE_MODULES = YES;
				CLANG_ENABLE_OBJC_ARC = YES;
				CLANG_WARN_BLOCK_CAPTURE_AUTORELEASING = YES;
				CLANG_WARN_BOOL_CONVERSION = YES;
				CLANG_WARN_COMMA = YES;
				CLANG_WARN_CONSTANT_CONVERSION = YES;
				CLANG_WARN_DIRECT_OBJC_ISA_USAGE = YES_ERROR;
				CLANG_WARN_DOCUMENTATION_COMMENTS = YES;
				CLANG_WARN_EMPTY_BODY = YES;
				CLANG_WARN_ENUM_CONVERSION = YES;
				CLANG_WARN_INFINITE_RECURSION = YES;
				CLANG_WARN_INT_CONVERSION = YES;
				CLANG_WARN_NON_LITERAL_NULL_CONVERSION = YES;
				CLANG_WARN_OBJC_LITERAL_CONVERSION = YES;
				CLANG_WARN_OBJC_ROOT_CLASS = YES_ERROR;
				CLANG_WARN_RANGE_LOOP_ANALYSIS = YES;
				CLANG_WARN_STRICT_PROTOTYPES = YES;
				CLANG_WARN_SUSPICIOUS_MOVE = YES;
				CLANG_WARN_UNGUARDED_AVAILABILITY = YES_AGGRESSIVE;
				CLANG_WARN_UNREACHABLE_CODE = YES;
				CLANG_WARN__DUPLICATE_METHOD_MATCH = YES;
				CODE_SIGN_IDENTITY = "iPhone Developer";
				COPY_PHASE_STRIP = NO;
				DEBUG_INFORMATION_FORMAT = "dwarf-with-dsym";
				ENABLE_NS_ASSERTIONS = NO;
				ENABLE_STRICT_OBJC_MSGSEND = YES;
				GCC_C_LANGUAGE_STANDARD = gnu11;
				GCC_NO_COMMON_BLOCKS = YES;
				GCC_WARN_64_TO_32_BIT_CONVERSION = YES;
				GCC_WARN_ABOUT_RETURN_TYPE = YES_ERROR;
				GCC_WARN_UNDECLARED_SELECTOR = YES;
				GCC_WARN_UNINITIALIZED_AUTOS = YES_AGGRESSIVE;
				GCC_WARN_UNUSED_FUNCTION = YES;
				GCC_WARN_UNUSED_VARIABLE = YES;
				IPHONEOS_DEPLOYMENT_TARGET = 11.1;
				MTL_ENABLE_DEBUG_INFO = NO;
				SDKROOT = iphoneos;
				SWIFT_OPTIMIZATION_LEVEL = "-Owholemodule";
				VALIDATE_PRODUCT = YES;
			};
			name = Release;
		};
		A9F24FB31FCF6CE90094C922 /* Debug */ = {
			isa = XCBuildConfiguration;
			buildSettings = {
				ASSETCATALOG_COMPILER_APPICON_NAME = AppIcon;
				CODE_SIGN_STYLE = Automatic;
				INFOPLIST_FILE = Concentration/Info.plist;
				LD_RUNPATH_SEARCH_PATHS = "$(inherited) @executable_path/Frameworks";
				PRODUCT_BUNDLE_IDENTIFIER = hptg.stevens.edu.Concentration;
				PRODUCT_NAME = "$(TARGET_NAME)";
				SWIFT_VERSION = 4.0;
				TARGETED_DEVICE_FAMILY = "1,2";
			};
			name = Debug;
		};
		A9F24FB41FCF6CE90094C922 /* Release */ = {
			isa = XCBuildConfiguration;
			buildSettings = {
				ASSETCATALOG_COMPILER_APPICON_NAME = AppIcon;
				CODE_SIGN_STYLE = Automatic;
				INFOPLIST_FILE = Concentration/Info.plist;
				LD_RUNPATH_SEARCH_PATHS = "$(inherited) @executable_path/Frameworks";
				PRODUCT_BUNDLE_IDENTIFIER = hptg.stevens.edu.Concentration;
				PRODUCT_NAME = "$(TARGET_NAME)";
				SWIFT_VERSION = 4.0;
				TARGETED_DEVICE_FAMILY = "1,2";
			};
			name = Release;
		};
		A9F24FB61FCF6CE90094C922 /* Debug */ = {
			isa = XCBuildConfiguration;
			buildSettings = {
				ALWAYS_EMBED_SWIFT_STANDARD_LIBRARIES = YES;
				BUNDLE_LOADER = "$(TEST_HOST)";
				CODE_SIGN_STYLE = Automatic;
				INFOPLIST_FILE = ConcentrationTests/Info.plist;
				LD_RUNPATH_SEARCH_PATHS = "$(inherited) @executable_path/Frameworks @loader_path/Frameworks";
				PRODUCT_BUNDLE_IDENTIFIER = hptg.stevens.edu.ConcentrationTests;
				PRODUCT_NAME = "$(TARGET_NAME)";
				SWIFT_VERSION = 4.0;
				TARGETED_DEVICE_FAMILY = "1,2";
				TEST_HOST = "$(BUILT_PRODUCTS_DIR)/Concentration.app/Concentration";
			};
			name = Debug;
		};
		A9F24FB71FCF6CE90094C922 /* Release */ = {
			isa = XCBuildConfiguration;
			buildSettings = {
				ALWAYS_EMBED_SWIFT_STANDARD_LIBRARIES = YES;
				BUNDLE_LOADER = "$(TEST_HOST)";
				CODE_SIGN_STYLE = Automatic;
				INFOPLIST_FILE = ConcentrationTests/Info.plist;
				LD_RUNPATH_SEARCH_PATHS = "$(inherited) @executable_path/Frameworks @loader_path/Frameworks";
				PRODUCT_BUNDLE_IDENTIFIER = hptg.stevens.edu.ConcentrationTests;
				PRODUCT_NAME = "$(TARGET_NAME)";
				SWIFT_VERSION = 4.0;
				TARGETED_DEVICE_FAMILY = "1,2";
				TEST_HOST = "$(BUILT_PRODUCTS_DIR)/Concentration.app/Concentration";
			};
			name = Release;
		};
		A9F24FB91FCF6CE90094C922 /* Debug */ = {
			isa = XCBuildConfiguration;
			buildSettings = {
				ALWAYS_EMBED_SWIFT_STANDARD_LIBRARIES = YES;
				CODE_SIGN_STYLE = Automatic;
				INFOPLIST_FILE = ConcentrationUITests/Info.plist;
				LD_RUNPATH_SEARCH_PATHS = "$(inherited) @executable_path/Frameworks @loader_path/Frameworks";
				PRODUCT_BUNDLE_IDENTIFIER = hptg.stevens.edu.ConcentrationUITests;
				PRODUCT_NAME = "$(TARGET_NAME)";
				SWIFT_VERSION = 4.0;
				TARGETED_DEVICE_FAMILY = "1,2";
				TEST_TARGET_NAME = Concentration;
			};
			name = Debug;
		};
		A9F24FBA1FCF6CE90094C922 /* Release */ = {
			isa = XCBuildConfiguration;
			buildSettings = {
				ALWAYS_EMBED_SWIFT_STANDARD_LIBRARIES = YES;
				CODE_SIGN_STYLE = Automatic;
				INFOPLIST_FILE = ConcentrationUITests/Info.plist;
				LD_RUNPATH_SEARCH_PATHS = "$(inherited) @executable_path/Frameworks @loader_path/Frameworks";
				PRODUCT_BUNDLE_IDENTIFIER = hptg.stevens.edu.ConcentrationUITests;
				PRODUCT_NAME = "$(TARGET_NAME)";
				SWIFT_VERSION = 4.0;
				TARGETED_DEVICE_FAMILY = "1,2";
				TEST_TARGET_NAME = Concentration;
			};
			name = Release;
		};
/* End XCBuildConfiguration section */

/* Begin XCConfigurationList section */
		A9F24F851FCF6CE90094C922 /* Build configuration list for PBXProject "Concentration" */ = {
			isa = XCConfigurationList;
			buildConfigurations = (
				A9F24FB01FCF6CE90094C922 /* Debug */,
				A9F24FB11FCF6CE90094C922 /* Release */,
			);
			defaultConfigurationIsVisible = 0;
			defaultConfigurationName = Release;
		};
		A9F24FB21FCF6CE90094C922 /* Build configuration list for PBXNativeTarget "Concentration" */ = {
			isa = XCConfigurationList;
			buildConfigurations = (
				A9F24FB31FCF6CE90094C922 /* Debug */,
				A9F24FB41FCF6CE90094C922 /* Release */,
			);
			defaultConfigurationIsVisible = 0;
			defaultConfigurationName = Release;
		};
		A9F24FB51FCF6CE90094C922 /* Build configuration list for PBXNativeTarget "ConcentrationTests" */ = {
			isa = XCConfigurationList;
			buildConfigurations = (
				A9F24FB61FCF6CE90094C922 /* Debug */,
				A9F24FB71FCF6CE90094C922 /* Release */,
			);
			defaultConfigurationIsVisible = 0;
			defaultConfigurationName = Release;
		};
		A9F24FB81FCF6CE90094C922 /* Build configuration list for PBXNativeTarget "ConcentrationUITests" */ = {
			isa = XCConfigurationList;
			buildConfigurations = (
				A9F24FB91FCF6CE90094C922 /* Debug */,
				A9F24FBA1FCF6CE90094C922 /* Release */,
			);
			defaultConfigurationIsVisible = 0;
			defaultConfigurationName = Release;
		};
/* End XCConfigurationList section */
	};
	rootObject = A9F24F821FCF6CE90094C922 /* Project object */;
}
